
Microsoft Visual Studio Solution File, Format Version 12.00
# Visual Studio Version 17
VisualStudioVersion = 17.5.33424.131
MinimumVisualStudioVersion = 10.0.40219.1
Project("{FAE04EC0-301F-11D3-BF4B-00C04F79EFBC}") = "SJBB", "SJBB\SJBB.csproj", "{86BBB0AB-70B0-427F-BB90-382E7D837C38}"
EndProject
Global
	GlobalSection(SolutionConfigurationPlatforms) = preSolution
		Debug|Any CPU = Debug|Any CPU
		Release|Any CPU = Release|Any CPU
	EndGlobalSection
	GlobalSection(ProjectConfigurationPlatforms) = postSolution
		{86BBB0AB-70B0-427F-BB90-382E7D837C38}.Debug|Any CPU.ActiveCfg = Debug|Any CPU
		{86BBB0AB-70B0-427F-BB90-382E7D837C38}.Debug|Any CPU.Build.0 = Debug|Any CPU
		{86BBB0AB-70B0-427F-BB90-382E7D837C38}.Release|Any CPU.ActiveCfg = Release|Any CPU
		{86BBB0AB-70B0-427F-BB90-382E7D837C38}.Release|Any CPU.Build.0 = Release|Any CPU
	EndGlobalSection
	GlobalSection(SolutionProperties) = preSolution
		HideSolutionNode = FALSE
	EndGlobalSection
	GlobalSection(ExtensibilityGlobals) = postSolution
		SolutionGuid = {135252C5-C1E9-49CE-955E-ABA5BC126A7E}
	EndGlobalSection
EndGlobal
